
Microsoft Visual Studio Solution File, Format Version 12.00
# Visual Studio Version 17
VisualStudioVersion = 17.4.33213.308
MinimumVisualStudioVersion = 10.0.40219.1
Project("{9A19103F-16F7-4668-BE54-9A1E7A4F7556}") = "Fiona", "Fiona\Fiona.csproj", "{5A13DD29-C611-47F8-8826-6F53E2A86EA6}"
EndProject
Global
	GlobalSection(SolutionConfigurationPlatforms) = preSolution
		Debug|Any CPU = Debug|Any CPU
		Release|Any CPU = Release|Any CPU
	EndGlobalSection
	GlobalSection(ProjectConfigurationPlatforms) = postSolution
		{5A13DD29-C611-47F8-8826-6F53E2A86EA6}.Debug|Any CPU.ActiveCfg = Debug|Any CPU
		{5A13DD29-C611-47F8-8826-6F53E2A86EA6}.Debug|Any CPU.Build.0 = Debug|Any CPU
		{5A13DD29-C611-47F8-8826-6F53E2A86EA6}.Release|Any CPU.ActiveCfg = Release|Any CPU
		{5A13DD29-C611-47F8-8826-6F53E2A86EA6}.Release|Any CPU.Build.0 = Release|Any CPU
	EndGlobalSection
	GlobalSection(SolutionProperties) = preSolution
		HideSolutionNode = FALSE
	EndGlobalSection
	GlobalSection(ExtensibilityGlobals) = postSolution
		SolutionGuid = {E3192CED-99BE-4750-B210-04801D18D6FC}
	EndGlobalSection
EndGlobal
